
Microsoft Visual Studio Solution File, Format Version 12.00
# Visual Studio Version 17
VisualStudioVersion = 17.4.33213.308
MinimumVisualStudioVersion = 10.0.40219.1
Project("{FAE04EC0-301F-11D3-BF4B-00C04F79EFBC}") = "RoomBookingApp.Api", "RoomBookingApp.Api\RoomBookingApp.Api.csproj", "{B124AD97-07C5-4C67-8FE3-4348A48260B4}"
EndProject
Project("{FAE04EC0-301F-11D3-BF4B-00C04F79EFBC}") = "RoomBookingApp.Core", "RoomBookingApp.Core\RoomBookingApp.Core.csproj", "{FC39A5E9-AE2E-42C9-97F7-5339CF6472FF}"
EndProject
Project("{FAE04EC0-301F-11D3-BF4B-00C04F79EFBC}") = "RoomBookingApp.Core.Test", "RoomBookingApp.Core.Test\RoomBookingApp.Core.Test.csproj", "{E81EAF7A-3841-4A31-A65E-7B40703C9523}"
EndProject
Global
	GlobalSection(SolutionConfigurationPlatforms) = preSolution
		Debug|Any CPU = Debug|Any CPU
		Release|Any CPU = Release|Any CPU
	EndGlobalSection
	GlobalSection(ProjectConfigurationPlatforms) = postSolution
		{B124AD97-07C5-4C67-8FE3-4348A48260B4}.Debug|Any CPU.ActiveCfg = Debug|Any CPU
		{B124AD97-07C5-4C67-8FE3-4348A48260B4}.Debug|Any CPU.Build.0 = Debug|Any CPU
		{B124AD97-07C5-4C67-8FE3-4348A48260B4}.Release|Any CPU.ActiveCfg = Release|Any CPU
		{B124AD97-07C5-4C67-8FE3-4348A48260B4}.Release|Any CPU.Build.0 = Release|Any CPU
		{FC39A5E9-AE2E-42C9-97F7-5339CF6472FF}.Debug|Any CPU.ActiveCfg = Debug|Any CPU
		{FC39A5E9-AE2E-42C9-97F7-5339CF6472FF}.Debug|Any CPU.Build.0 = Debug|Any CPU
		{FC39A5E9-AE2E-42C9-97F7-5339CF6472FF}.Release|Any CPU.ActiveCfg = Release|Any CPU
		{FC39A5E9-AE2E-42C9-97F7-5339CF6472FF}.Release|Any CPU.Build.0 = Release|Any CPU
		{E81EAF7A-3841-4A31-A65E-7B40703C9523}.Debug|Any CPU.ActiveCfg = Debug|Any CPU
		{E81EAF7A-3841-4A31-A65E-7B40703C9523}.Debug|Any CPU.Build.0 = Debug|Any CPU
		{E81EAF7A-3841-4A31-A65E-7B40703C9523}.Release|Any CPU.ActiveCfg = Release|Any CPU
		{E81EAF7A-3841-4A31-A65E-7B40703C9523}.Release|Any CPU.Build.0 = Release|Any CPU
	EndGlobalSection
	GlobalSection(SolutionProperties) = preSolution
		HideSolutionNode = FALSE
	EndGlobalSection
	GlobalSection(ExtensibilityGlobals) = postSolution
		SolutionGuid = {1D7BA3F0-A64F-4D8E-BFF9-B55510225B68}
	EndGlobalSection
EndGlobal
